PODS:
  - Alamofire (4.8.1)
  - SwiftyJSON (4.2.0)
  - WechatOpenSDK (1.8.4)

DEPENDENCIES:
  - Alamofire (~> 4.8.1)
  - SwiftyJSON (~> 4.0)
  - WechatOpenSDK

SPEC REPOS:
  https://github.com/cocoapods/specs.git:
    - Alamofire
    - SwiftyJSON
    - WechatOpenSDK

SPEC CHECKSUMS:
  Alamofire: 16ce2c353fb72865124ddae8a57c5942388f4f11
  SwiftyJSON: c4bcba26dd9ec7a027fc8eade48e2c911f229e96
  WechatOpenSDK: 9b721089507c895d05f997408c30bb6e6f5f9b60

PODFILE CHECKSUM: 758b21f3b03d571c492e9d642cb308fe56ef7b9b

COCOAPODS: 1.6.1
