// !$*UTF8*$!
{
	archiveVersion = 1;
	classes = {
	};
	objectVersion = 50;
	objects = {

/* Begin PBXBuildFile section */
		18632AF621C24C8000A0CA47 /* AddUserDefinedCheckViewController.swift in Sources */ = {isa = PBXBuildFile; fileRef = 18632AF521C24C8000A0CA47 /* AddUserDefinedCheckViewController.swift */; };
		18632AFA21C26D5000A0CA47 /* LogViewController.swift in Sources */ = {isa = PBXBuildFile; fileRef = 18632AF921C26D5000A0CA47 /* LogViewController.swift */; };
		18632B0721C2996500A0CA47 /* FangCustomizeUICollectionViewCell.swift in Sources */ = {isa = PBXBuildFile; fileRef = 18632B0621C2996500A0CA47 /* FangCustomizeUICollectionViewCell.swift */; };
		18632B0921C2A79A00A0CA47 /* FeedbackViewController.swift in Sources */ = {isa = PBXBuildFile; fileRef = 18632B0821C2A79A00A0CA47 /* FeedbackViewController.swift */; };
		18632B0B21C2A7AD00A0CA47 /* SettingViewController.swift in Sources */ = {isa = PBXBuildFile; fileRef = 18632B0A21C2A7AD00A0CA47 /* SettingViewController.swift */; };
		18632B0D21C49E5500A0CA47 /* AddFlagViewController.swift in Sources */ = {isa = PBXBuildFile; fileRef = 18632B0C21C49E5500A0CA47 /* AddFlagViewController.swift */; };
		18632B0F21C4F31000A0CA47 /* SettingTableViewCell.swift in Sources */ = {isa = PBXBuildFile; fileRef = 18632B0E21C4F31000A0CA47 /* SettingTableViewCell.swift */; };
		18632BC421C62BED00A0CA47 /* CVCalendar.framework in Frameworks */ = {isa = PBXBuildFile; fileRef = 18632BC321C62BDC00A0CA47 /* CVCalendar.framework */; };
		18632BC521C62BED00A0CA47 /* CVCalendar.framework in Embed Frameworks */ = {isa = PBXBuildFile; fileRef = 18632BC321C62BDC00A0CA47 /* CVCalendar.framework */; settings = {ATTRIBUTES = (CodeSignOnCopy, RemoveHeadersOnCopy, ); }; };
		18632BD821C65CF100A0CA47 /* SnapKit.framework in Frameworks */ = {isa = PBXBuildFile; fileRef = 18F9397521BC484400306EB0 /* SnapKit.framework */; };
		18632BD921C65CF100A0CA47 /* SnapKit.framework in Embed Frameworks */ = {isa = PBXBuildFile; fileRef = 18F9397521BC484400306EB0 /* SnapKit.framework */; settings = {ATTRIBUTES = (CodeSignOnCopy, RemoveHeadersOnCopy, ); }; };
		18632BE121C89D0600A0CA47 /* LogTableViewCell.swift in Sources */ = {isa = PBXBuildFile; fileRef = 18632BE021C89D0600A0CA47 /* LogTableViewCell.swift */; };
		18632BE521CABB1600A0CA47 /* LastLogTableViewCell.swift in Sources */ = {isa = PBXBuildFile; fileRef = 18632BE421CABB1600A0CA47 /* LastLogTableViewCell.swift */; };
		18632BE721CABB3C00A0CA47 /* DateLogTableViewCell.swift in Sources */ = {isa = PBXBuildFile; fileRef = 18632BE621CABB3C00A0CA47 /* DateLogTableViewCell.swift */; };
		18632BE921CAC11800A0CA47 /* FirstDateLogCell.swift in Sources */ = {isa = PBXBuildFile; fileRef = 18632BE821CAC11800A0CA47 /* FirstDateLogCell.swift */; };
		18632BEB21CAC48500A0CA47 /* MonthLogCell.swift in Sources */ = {isa = PBXBuildFile; fileRef = 18632BEA21CAC48500A0CA47 /* MonthLogCell.swift */; };
		18632BED21CBADC900A0CA47 /* CommentLineView.swift in Sources */ = {isa = PBXBuildFile; fileRef = 18632BEC21CBADC800A0CA47 /* CommentLineView.swift */; };
		18632BEF21CCD61D00A0CA47 /* LoginViewController.swift in Sources */ = {isa = PBXBuildFile; fileRef = 18632BEE21CCD61C00A0CA47 /* LoginViewController.swift */; };
		18632BF121CCF62200A0CA47 /* LoadView.swift in Sources */ = {isa = PBXBuildFile; fileRef = 18632BF021CCF62200A0CA47 /* LoadView.swift */; };
		18632BF321CCFC6A00A0CA47 /* StartViewController.swift in Sources */ = {isa = PBXBuildFile; fileRef = 18632BF221CCFC6A00A0CA47 /* StartViewController.swift */; };
		18F9395021B7FF3C00306EB0 /* CustomizeUITableViewCell.swift in Sources */ = {isa = PBXBuildFile; fileRef = 18F9394F21B7FF3C00306EB0 /* CustomizeUITableViewCell.swift */; };
		18F9395221B8381C00306EB0 /* HomeViewController.swift in Sources */ = {isa = PBXBuildFile; fileRef = 18F9395121B8381C00306EB0 /* HomeViewController.swift */; };
		18F9395421B8383200306EB0 /* MineViewController.swift in Sources */ = {isa = PBXBuildFile; fileRef = 18F9395321B8383200306EB0 /* MineViewController.swift */; };
		18F9396821BC378800306EB0 /* AddView.swift in Sources */ = {isa = PBXBuildFile; fileRef = 18F9396721BC378800306EB0 /* AddView.swift */; };
		18F9396A21BC47C900306EB0 /* CheckCardCell.swift in Sources */ = {isa = PBXBuildFile; fileRef = 18F9396921BC47C900306EB0 /* CheckCardCell.swift */; };
		18F9398421BCD4D200306EB0 /* ListTableViewCell.swift in Sources */ = {isa = PBXBuildFile; fileRef = 18F9398321BCD4D200306EB0 /* ListTableViewCell.swift */; };
		18F9398621BCE36D00306EB0 /* LetterViewController.swift in Sources */ = {isa = PBXBuildFile; fileRef = 18F9398521BCE36D00306EB0 /* LetterViewController.swift */; };
		18F9398821BCE3D200306EB0 /* ExampleViewController.swift in Sources */ = {isa = PBXBuildFile; fileRef = 18F9398721BCE3D100306EB0 /* ExampleViewController.swift */; };
		18F9398E21BD279A00306EB0 /* AddCheckViewController.swift in Sources */ = {isa = PBXBuildFile; fileRef = 18F9398D21BD279A00306EB0 /* AddCheckViewController.swift */; };
		18F9399021BD27AC00306EB0 /* AddLogViewController.swift in Sources */ = {isa = PBXBuildFile; fileRef = 18F9398F21BD27AC00306EB0 /* AddLogViewController.swift */; };
		18F9399221BE55C500306EB0 /* CustomizeUICollectinViewCell.swift in Sources */ = {isa = PBXBuildFile; fileRef = 18F9399121BE55C500306EB0 /* CustomizeUICollectinViewCell.swift */; };
		18F972E921B7F8AF00FFAB90 /* AppDelegate.swift in Sources */ = {isa = PBXBuildFile; fileRef = 18F972E821B7F8AF00FFAB90 /* AppDelegate.swift */; };
		18F972EB21B7F8AF00FFAB90 /* ViewController.swift in Sources */ = {isa = PBXBuildFile; fileRef = 18F972EA21B7F8AF00FFAB90 /* ViewController.swift */; };
		18F972EE21B7F8AF00FFAB90 /* Main.storyboard in Resources */ = {isa = PBXBuildFile; fileRef = 18F972EC21B7F8AF00FFAB90 /* Main.storyboard */; };
		18F972F021B7F8B000FFAB90 /* Assets.xcassets in Resources */ = {isa = PBXBuildFile; fileRef = 18F972EF21B7F8B000FFAB90 /* Assets.xcassets */; };
		18F972F321B7F8B000FFAB90 /* LaunchScreen.storyboard in Resources */ = {isa = PBXBuildFile; fileRef = 18F972F121B7F8B000FFAB90 /* LaunchScreen.storyboard */; };
		18F972FE21B7F8B100FFAB90 /* ManManTests.swift in Sources */ = {isa = PBXBuildFile; fileRef = 18F972FD21B7F8B100FFAB90 /* ManManTests.swift */; };
		18F9730921B7F8B100FFAB90 /* ManManUITests.swift in Sources */ = {isa = PBXBuildFile; fileRef = 18F9730821B7F8B100FFAB90 /* ManManUITests.swift */; };
		18F9731721B7FDC900FFAB90 /* FlagViewController.swift in Sources */ = {isa = PBXBuildFile; fileRef = 18F9731621B7FDC900FFAB90 /* FlagViewController.swift */; };
/* End PBXBuildFile section */

/* Begin PBXContainerItemProxy section */
		18632BC221C62BDC00A0CA47 /* PBXContainerItemProxy */ = {
			isa = PBXContainerItemProxy;
			containerPortal = 18632BBE21C62BDC00A0CA47 /* CVCalendar.xcodeproj */;
			proxyType = 2;
			remoteGlobalIDString = 45D9D8B31C5006AA006673B2;
			remoteInfo = CVCalendar;
		};
		18632BC621C62BED00A0CA47 /* PBXContainerItemProxy */ = {
			isa = PBXContainerItemProxy;
			containerPortal = 18632BBE21C62BDC00A0CA47 /* CVCalendar.xcodeproj */;
			proxyType = 1;
			remoteGlobalIDString = 45D9D8B21C5006AA006673B2;
			remoteInfo = CVCalendar;
		};
		18632BDA21C65CF100A0CA47 /* PBXContainerItemProxy */ = {
			isa = PBXContainerItemProxy;
			containerPortal = 18F9396F21BC484400306EB0 /* SnapKit.xcodeproj */;
			proxyType = 1;
			remoteGlobalIDString = EEBCC9D719CC627D0083B827;
			remoteInfo = SnapKit;
		};
		18F9397421BC484400306EB0 /* PBXContainerItemProxy */ = {
			isa = PBXContainerItemProxy;
			containerPortal = 18F9396F21BC484400306EB0 /* SnapKit.xcodeproj */;
			proxyType = 2;
			remoteGlobalIDString = EEBCC9D819CC627D0083B827;
			remoteInfo = SnapKit;
		};
		18F9397621BC484400306EB0 /* PBXContainerItemProxy */ = {
			isa = PBXContainerItemProxy;
			containerPortal = 18F9396F21BC484400306EB0 /* SnapKit.xcodeproj */;
			proxyType = 2;
			remoteGlobalIDString = EEBCC9E219CC627E0083B827;
			remoteInfo = "SnapKit Tests";
		};
		18F972FA21B7F8B000FFAB90 /* PBXContainerItemProxy */ = {
			isa = PBXContainerItemProxy;
			containerPortal = 18F972DD21B7F8AE00FFAB90 /* Project object */;
			proxyType = 1;
			remoteGlobalIDString = 18F972E421B7F8AE00FFAB90;
			remoteInfo = ManMan;
		};
		18F9730521B7F8B100FFAB90 /* PBXContainerItemProxy */ = {
			isa = PBXContainerItemProxy;
			containerPortal = 18F972DD21B7F8AE00FFAB90 /* Project object */;
			proxyType = 1;
			remoteGlobalIDString = 18F972E421B7F8AE00FFAB90;
			remoteInfo = ManMan;
		};
/* End PBXContainerItemProxy section */

/* Begin PBXCopyFilesBuildPhase section */
		18F9396221B8B38B00306EB0 /* Embed Frameworks */ = {
			isa = PBXCopyFilesBuildPhase;
			buildActionMask = 2147483647;
			dstPath = "";
			dstSubfolderSpec = 10;
			files = (
				18632BC521C62BED00A0CA47 /* CVCalendar.framework in Embed Frameworks */,
				18632BD921C65CF100A0CA47 /* SnapKit.framework in Embed Frameworks */,
			);
			name = "Embed Frameworks";
			runOnlyForDeploymentPostprocessing = 0;
		};
/* End PBXCopyFilesBuildPhase section */

/* Begin PBXFileReference section */
		18632AF521C24C8000A0CA47 /* AddUserDefinedCheckViewController.swift */ = {isa = PBXFileReference; lastKnownFileType = sourcecode.swift; path = AddUserDefinedCheckViewController.swift; sourceTree = "<group>"; };
		18632AF921C26D5000A0CA47 /* LogViewController.swift */ = {isa = PBXFileReference; lastKnownFileType = sourcecode.swift; path = LogViewController.swift; sourceTree = "<group>"; };
		18632B0621C2996500A0CA47 /* FangCustomizeUICollectionViewCell.swift */ = {isa = PBXFileReference; lastKnownFileType = sourcecode.swift; path = FangCustomizeUICollectionViewCell.swift; sourceTree = "<group>"; };
		18632B0821C2A79A00A0CA47 /* FeedbackViewController.swift */ = {isa = PBXFileReference; lastKnownFileType = sourcecode.swift; path = FeedbackViewController.swift; sourceTree = "<group>"; };
		18632B0A21C2A7AD00A0CA47 /* SettingViewController.swift */ = {isa = PBXFileReference; lastKnownFileType = sourcecode.swift; path = SettingViewController.swift; sourceTree = "<group>"; };
		18632B0C21C49E5500A0CA47 /* AddFlagViewController.swift */ = {isa = PBXFileReference; lastKnownFileType = sourcecode.swift; path = AddFlagViewController.swift; sourceTree = "<group>"; };
		18632B0E21C4F31000A0CA47 /* SettingTableViewCell.swift */ = {isa = PBXFileReference; lastKnownFileType = sourcecode.swift; path = SettingTableViewCell.swift; sourceTree = "<group>"; };
		18632BBE21C62BDC00A0CA47 /* CVCalendar.xcodeproj */ = {isa = PBXFileReference; lastKnownFileType = "wrapper.pb-project"; name = CVCalendar.xcodeproj; path = "../../../../Downloads/CVCalendar-master/CVCalendar.xcodeproj"; sourceTree = "<group>"; };
		18632BE021C89D0600A0CA47 /* LogTableViewCell.swift */ = {isa = PBXFileReference; lastKnownFileType = sourcecode.swift; path = LogTableViewCell.swift; sourceTree = "<group>"; };
		18632BE421CABB1600A0CA47 /* LastLogTableViewCell.swift */ = {isa = PBXFileReference; lastKnownFileType = sourcecode.swift; path = LastLogTableViewCell.swift; sourceTree = "<group>"; };
		18632BE621CABB3C00A0CA47 /* DateLogTableViewCell.swift */ = {isa = PBXFileReference; lastKnownFileType = sourcecode.swift; path = DateLogTableViewCell.swift; sourceTree = "<group>"; };
		18632BE821CAC11800A0CA47 /* FirstDateLogCell.swift */ = {isa = PBXFileReference; lastKnownFileType = sourcecode.swift; path = FirstDateLogCell.swift; sourceTree = "<group>"; };
		18632BEA21CAC48500A0CA47 /* MonthLogCell.swift */ = {isa = PBXFileReference; lastKnownFileType = sourcecode.swift; path = MonthLogCell.swift; sourceTree = "<group>"; };
		18632BEC21CBADC800A0CA47 /* CommentLineView.swift */ = {isa = PBXFileReference; lastKnownFileType = sourcecode.swift; path = CommentLineView.swift; sourceTree = "<group>"; };
		18632BEE21CCD61C00A0CA47 /* LoginViewController.swift */ = {isa = PBXFileReference; lastKnownFileType = sourcecode.swift; path = LoginViewController.swift; sourceTree = "<group>"; };
		18632BF021CCF62200A0CA47 /* LoadView.swift */ = {isa = PBXFileReference; lastKnownFileType = sourcecode.swift; path = LoadView.swift; sourceTree = "<group>"; };
		18632BF221CCFC6A00A0CA47 /* StartViewController.swift */ = {isa = PBXFileReference; lastKnownFileType = sourcecode.swift; path = StartViewController.swift; sourceTree = "<group>"; };
		18F9394F21B7FF3C00306EB0 /* CustomizeUITableViewCell.swift */ = {isa = PBXFileReference; lastKnownFileType = sourcecode.swift; path = CustomizeUITableViewCell.swift; sourceTree = "<group>"; };
		18F9395121B8381C00306EB0 /* HomeViewController.swift */ = {isa = PBXFileReference; lastKnownFileType = sourcecode.swift; path = HomeViewController.swift; sourceTree = "<group>"; };
		18F9395321B8383200306EB0 /* MineViewController.swift */ = {isa = PBXFileReference; lastKnownFileType = sourcecode.swift; path = MineViewController.swift; sourceTree = "<group>"; };
		18F9396721BC378800306EB0 /* AddView.swift */ = {isa = PBXFileReference; lastKnownFileType = sourcecode.swift; path = AddView.swift; sourceTree = "<group>"; };
		18F9396921BC47C900306EB0 /* CheckCardCell.swift */ = {isa = PBXFileReference; lastKnownFileType = sourcecode.swift; path = CheckCardCell.swift; sourceTree = "<group>"; };
		18F9396F21BC484400306EB0 /* SnapKit.xcodeproj */ = {isa = PBXFileReference; lastKnownFileType = "wrapper.pb-project"; name = SnapKit.xcodeproj; path = "../../../../Downloads/SnapKit-develop/SnapKit.xcodeproj"; sourceTree = "<group>"; };
		18F9398321BCD4D200306EB0 /* ListTableViewCell.swift */ = {isa = PBXFileReference; lastKnownFileType = sourcecode.swift; path = ListTableViewCell.swift; sourceTree = "<group>"; };
		18F9398521BCE36D00306EB0 /* LetterViewController.swift */ = {isa = PBXFileReference; lastKnownFileType = sourcecode.swift; path = LetterViewController.swift; sourceTree = "<group>"; };
		18F9398721BCE3D100306EB0 /* ExampleViewController.swift */ = {isa = PBXFileReference; lastKnownFileType = sourcecode.swift; path = ExampleViewController.swift; sourceTree = "<group>"; };
		18F9398D21BD279A00306EB0 /* AddCheckViewController.swift */ = {isa = PBXFileReference; lastKnownFileType = sourcecode.swift; path = AddCheckViewController.swift; sourceTree = "<group>"; };
		18F9398F21BD27AC00306EB0 /* AddLogViewController.swift */ = {isa = PBXFileReference; lastKnownFileType = sourcecode.swift; path = AddLogViewController.swift; sourceTree = "<group>"; };
		18F9399121BE55C500306EB0 /* CustomizeUICollectinViewCell.swift */ = {isa = PBXFileReference; lastKnownFileType = sourcecode.swift; path = CustomizeUICollectinViewCell.swift; sourceTree = "<group>"; };
		18F972E521B7F8AE00FFAB90 /* ManMan.app */ = {isa = PBXFileReference; explicitFileType = wrapper.application; includeInIndex = 0; path = ManMan.app; sourceTree = BUILT_PRODUCTS_DIR; };
		18F972E821B7F8AF00FFAB90 /* AppDelegate.swift */ = {isa = PBXFileReference; lastKnownFileType = sourcecode.swift; path = AppDelegate.swift; sourceTree = "<group>"; };
		18F972EA21B7F8AF00FFAB90 /* ViewController.swift */ = {isa = PBXFileReference; lastKnownFileType = sourcecode.swift; path = ViewController.swift; sourceTree = "<group>"; };
		18F972ED21B7F8AF00FFAB90 /* Base */ = {isa = PBXFileReference; lastKnownFileType = file.storyboard; name = Base; path = Base.lproj/Main.storyboard; sourceTree = "<group>"; };
		18F972EF21B7F8B000FFAB90 /* Assets.xcassets */ = {isa = PBXFileReference; lastKnownFileType = folder.assetcatalog; path = Assets.xcassets; sourceTree = "<group>"; };
		18F972F221B7F8B000FFAB90 /* Base */ = {isa = PBXFileReference; lastKnownFileType = file.storyboard; name = Base; path = Base.lproj/LaunchScreen.storyboard; sourceTree = "<group>"; };
		18F972F421B7F8B000FFAB90 /* Info.plist */ = {isa = PBXFileReference; lastKnownFileType = text.plist.xml; path = Info.plist; sourceTree = "<group>"; };
		18F972F921B7F8B000FFAB90 /* ManManTests.xctest */ = {isa = PBXFileReference; explicitFileType = wrapper.cfbundle; includeInIndex = 0; path = ManManTests.xctest; sourceTree = BUILT_PRODUCTS_DIR; };
		18F972FD21B7F8B100FFAB90 /* ManManTests.swift */ = {isa = PBXFileReference; lastKnownFileType = sourcecode.swift; path = ManManTests.swift; sourceTree = "<group>"; };
		18F972FF21B7F8B100FFAB90 /* Info.plist */ = {isa = PBXFileReference; lastKnownFileType = text.plist.xml; path = Info.plist; sourceTree = "<group>"; };
		18F9730421B7F8B100FFAB90 /* ManManUITests.xctest */ = {isa = PBXFileReference; explicitFileType = wrapper.cfbundle; includeInIndex = 0; path = ManManUITests.xctest; sourceTree = BUILT_PRODUCTS_DIR; };
		18F9730821B7F8B100FFAB90 /* ManManUITests.swift */ = {isa = PBXFileReference; lastKnownFileType = sourcecode.swift; path = ManManUITests.swift; sourceTree = "<group>"; };
		18F9730A21B7F8B100FFAB90 /* Info.plist */ = {isa = PBXFileReference; lastKnownFileType = text.plist.xml; path = Info.plist; sourceTree = "<group>"; };
		18F9731621B7FDC900FFAB90 /* FlagViewController.swift */ = {isa = PBXFileReference; lastKnownFileType = sourcecode.swift; path = FlagViewController.swift; sourceTree = "<group>"; };
/* End PBXFileReference section */

/* Begin PBXFrameworksBuildPhase section */
		18F972E221B7F8AE00FFAB90 /* Frameworks */ = {
			isa = PBXFrameworksBuildPhase;
			buildActionMask = 2147483647;
			files = (
				18632BC421C62BED00A0CA47 /* CVCalendar.framework in Frameworks */,
				18632BD821C65CF100A0CA47 /* SnapKit.framework in Frameworks */,
			);
			runOnlyForDeploymentPostprocessing = 0;
		};
		18F972F621B7F8B000FFAB90 /* Frameworks */ = {
			isa = PBXFrameworksBuildPhase;
			buildActionMask = 2147483647;
			files = (
			);
			runOnlyForDeploymentPostprocessing = 0;
		};
		18F9730121B7F8B100FFAB90 /* Frameworks */ = {
			isa = PBXFrameworksBuildPhase;
			buildActionMask = 2147483647;
			files = (
			);
			runOnlyForDeploymentPostprocessing = 0;
		};
/* End PBXFrameworksBuildPhase section */

/* Begin PBXGroup section */
		18632AFD21C2963D00A0CA47 /* Home */ = {
			isa = PBXGroup;
			children = (
				18F9395121B8381C00306EB0 /* HomeViewController.swift */,
				18632B0221C296C300A0CA47 /* View */,
			);
			path = Home;
			sourceTree = "<group>";
		};
		18632AFE21C2964800A0CA47 /* Flag */ = {
			isa = PBXGroup;
			children = (
				18F9394F21B7FF3C00306EB0 /* CustomizeUITableViewCell.swift */,
				18F9731621B7FDC900FFAB90 /* FlagViewController.swift */,
				18632B0C21C49E5500A0CA47 /* AddFlagViewController.swift */,
				18632BEC21CBADC800A0CA47 /* CommentLineView.swift */,
			);
			path = Flag;
			sourceTree = "<group>";
		};
		18632AFF21C2966C00A0CA47 /* Task */ = {
			isa = PBXGroup;
			children = (
				18632B0521C2972100A0CA47 /* Controller */,
				18632B0421C2971600A0CA47 /* View */,
			);
			path = Task;
			sourceTree = "<group>";
		};
		18632B0021C2967A00A0CA47 /* Mine */ = {
			isa = PBXGroup;
			children = (
				18632BDF21C89C7B00A0CA47 /* Controller */,
				18632BDC21C663B500A0CA47 /* View */,
			);
			path = Mine;
			sourceTree = "<group>";
		};
		18632B0221C296C300A0CA47 /* View */ = {
			isa = PBXGroup;
			children = (
				18F9396721BC378800306EB0 /* AddView.swift */,
				18F9396921BC47C900306EB0 /* CheckCardCell.swift */,
				18632BF021CCF62200A0CA47 /* LoadView.swift */,
			);
			path = View;
			sourceTree = "<group>";
		};
		18632B0421C2971600A0CA47 /* View */ = {
			isa = PBXGroup;
			children = (
				18F9399121BE55C500306EB0 /* CustomizeUICollectinViewCell.swift */,
				18632B0621C2996500A0CA47 /* FangCustomizeUICollectionViewCell.swift */,
			);
			path = View;
			sourceTree = "<group>";
		};
		18632B0521C2972100A0CA47 /* Controller */ = {
			isa = PBXGroup;
			children = (
				18F9398D21BD279A00306EB0 /* AddCheckViewController.swift */,
				18F9398F21BD27AC00306EB0 /* AddLogViewController.swift */,
				18632AF521C24C8000A0CA47 /* AddUserDefinedCheckViewController.swift */,
			);
			path = Controller;
			sourceTree = "<group>";
		};
		18632BBF21C62BDC00A0CA47 /* Products */ = {
			isa = PBXGroup;
			children = (
				18632BC321C62BDC00A0CA47 /* CVCalendar.framework */,
			);
			name = Products;
			sourceTree = "<group>";
		};
		18632BDC21C663B500A0CA47 /* View */ = {
			isa = PBXGroup;
			children = (
				18F9398321BCD4D200306EB0 /* ListTableViewCell.swift */,
				18632B0E21C4F31000A0CA47 /* SettingTableViewCell.swift */,
				18632BE021C89D0600A0CA47 /* LogTableViewCell.swift */,
				18632BE421CABB1600A0CA47 /* LastLogTableViewCell.swift */,
				18632BE621CABB3C00A0CA47 /* DateLogTableViewCell.swift */,
				18632BE821CAC11800A0CA47 /* FirstDateLogCell.swift */,
				18632BEA21CAC48500A0CA47 /* MonthLogCell.swift */,
			);
			path = View;
			sourceTree = "<group>";
		};
		18632BDF21C89C7B00A0CA47 /* Controller */ = {
			isa = PBXGroup;
			children = (
				18F9395321B8383200306EB0 /* MineViewController.swift */,
				18632AF921C26D5000A0CA47 /* LogViewController.swift */,
				18632B0A21C2A7AD00A0CA47 /* SettingViewController.swift */,
				18632B0821C2A79A00A0CA47 /* FeedbackViewController.swift */,
			);
			path = Controller;
			sourceTree = "<group>";
		};
		18F9396B21BC47CE00306EB0 /* Controller */ = {
			isa = PBXGroup;
			children = (
				18632BEE21CCD61C00A0CA47 /* LoginViewController.swift */,
				18F9398721BCE3D100306EB0 /* ExampleViewController.swift */,
				18F9398521BCE36D00306EB0 /* LetterViewController.swift */,
			);
			path = Controller;
			sourceTree = "<group>";
		};
		18F9396E21BC483800306EB0 /* framework */ = {
			isa = PBXGroup;
			children = (
				18632BBE21C62BDC00A0CA47 /* CVCalendar.xcodeproj */,
				18F9396F21BC484400306EB0 /* SnapKit.xcodeproj */,
			);
			path = framework;
			sourceTree = "<group>";
		};
		18F9397021BC484400306EB0 /* Products */ = {
			isa = PBXGroup;
			children = (
				18F9397521BC484400306EB0 /* SnapKit.framework */,
				18F9397721BC484400306EB0 /* SnapKit Tests.xctest */,
			);
			name = Products;
			sourceTree = "<group>";
		};
		18F972DC21B7F8AE00FFAB90 = {
			isa = PBXGroup;
			children = (
				18F972E721B7F8AE00FFAB90 /* ManMan */,
				18F972FC21B7F8B000FFAB90 /* ManManTests */,
				18F9730721B7F8B100FFAB90 /* ManManUITests */,
				18F972E621B7F8AE00FFAB90 /* Products */,
			);
			sourceTree = "<group>";
		};
		18F972E621B7F8AE00FFAB90 /* Products */ = {
			isa = PBXGroup;
			children = (
				18F972E521B7F8AE00FFAB90 /* ManMan.app */,
				18F972F921B7F8B000FFAB90 /* ManManTests.xctest */,
				18F9730421B7F8B100FFAB90 /* ManManUITests.xctest */,
			);
			name = Products;
			sourceTree = "<group>";
		};
		18F972E721B7F8AE00FFAB90 /* ManMan */ = {
			isa = PBXGroup;
			children = (
				18632AFD21C2963D00A0CA47 /* Home */,
				18632B0021C2967A00A0CA47 /* Mine */,
				18632AFE21C2964800A0CA47 /* Flag */,
				18632AFF21C2966C00A0CA47 /* Task */,
				18F9396B21BC47CE00306EB0 /* Controller */,
				18F9396E21BC483800306EB0 /* framework */,
				18F972E821B7F8AF00FFAB90 /* AppDelegate.swift */,
				18F972EA21B7F8AF00FFAB90 /* ViewController.swift */,
				18F972EF21B7F8B000FFAB90 /* Assets.xcassets */,
				18F972EC21B7F8AF00FFAB90 /* Main.storyboard */,
				18F972F121B7F8B000FFAB90 /* LaunchScreen.storyboard */,
				18F972F421B7F8B000FFAB90 /* Info.plist */,
				18632BF221CCFC6A00A0CA47 /* StartViewController.swift */,
			);
			path = ManMan;
			sourceTree = "<group>";
		};
		18F972FC21B7F8B000FFAB90 /* ManManTests */ = {
			isa = PBXGroup;
			children = (
				18F972FD21B7F8B100FFAB90 /* ManManTests.swift */,
				18F972FF21B7F8B100FFAB90 /* Info.plist */,
			);
			path = ManManTests;
			sourceTree = "<group>";
		};
		18F9730721B7F8B100FFAB90 /* ManManUITests */ = {
			isa = PBXGroup;
			children = (
				18F9730821B7F8B100FFAB90 /* ManManUITests.swift */,
				18F9730A21B7F8B100FFAB90 /* Info.plist */,
			);
			path = ManManUITests;
			sourceTree = "<group>";
		};
/* End PBXGroup section */

/* Begin PBXNativeTarget section */
		18F972E421B7F8AE00FFAB90 /* ManMan */ = {
			isa = PBXNativeTarget;
			buildConfigurationList = 18F9730D21B7F8B100FFAB90 /* Build configuration list for PBXNativeTarget "ManMan" */;
			buildPhases = (
				18F972E121B7F8AE00FFAB90 /* Sources */,
				18F972E221B7F8AE00FFAB90 /* Frameworks */,
				18F972E321B7F8AE00FFAB90 /* Resources */,
				18F9396221B8B38B00306EB0 /* Embed Frameworks */,
			);
			buildRules = (
			);
			dependencies = (
				18632BC721C62BED00A0CA47 /* PBXTargetDependency */,
				18632BDB21C65CF100A0CA47 /* PBXTargetDependency */,
			);
			name = ManMan;
			productName = ManMan;
			productReference = 18F972E521B7F8AE00FFAB90 /* ManMan.app */;
			productType = "com.apple.product-type.application";
		};
		18F972F821B7F8B000FFAB90 /* ManManTests */ = {
			isa = PBXNativeTarget;
			buildConfigurationList = 18F9731021B7F8B100FFAB90 /* Build configuration list for PBXNativeTarget "ManManTests" */;
			buildPhases = (
				18F972F521B7F8B000FFAB90 /* Sources */,
				18F972F621B7F8B000FFAB90 /* Frameworks */,
				18F972F721B7F8B000FFAB90 /* Resources */,
			);
			buildRules = (
			);
			dependencies = (
				18F972FB21B7F8B000FFAB90 /* PBXTargetDependency */,
			);
			name = ManManTests;
			productName = ManManTests;
			productReference = 18F972F921B7F8B000FFAB90 /* ManManTests.xctest */;
			productType = "com.apple.product-type.bundle.unit-test";
		};
		18F9730321B7F8B100FFAB90 /* ManManUITests */ = {
			isa = PBXNativeTarget;
			buildConfigurationList = 18F9731321B7F8B100FFAB90 /* Build configuration list for PBXNativeTarget "ManManUITests" */;
			buildPhases = (
				18F9730021B7F8B100FFAB90 /* Sources */,
				18F9730121B7F8B100FFAB90 /* Frameworks */,
				18F9730221B7F8B100FFAB90 /* Resources */,
			);
			buildRules = (
			);
			dependencies = (
				18F9730621B7F8B100FFAB90 /* PBXTargetDependency */,
			);
			name = ManManUITests;
			productName = ManManUITests;
			productReference = 18F9730421B7F8B100FFAB90 /* ManManUITests.xctest */;
			productType = "com.apple.product-type.bundle.ui-testing";
		};
/* End PBXNativeTarget section */

/* Begin PBXProject section */
		18F972DD21B7F8AE00FFAB90 /* Project object */ = {
			isa = PBXProject;
			attributes = {
				LastSwiftUpdateCheck = 1010;
				LastUpgradeCheck = 1010;
				ORGANIZATIONNAME = Mavismwt;
				TargetAttributes = {
					18F972E421B7F8AE00FFAB90 = {
						CreatedOnToolsVersion = 10.1;
					};
					18F972F821B7F8B000FFAB90 = {
						CreatedOnToolsVersion = 10.1;
						TestTargetID = 18F972E421B7F8AE00FFAB90;
					};
					18F9730321B7F8B100FFAB90 = {
						CreatedOnToolsVersion = 10.1;
						TestTargetID = 18F972E421B7F8AE00FFAB90;
					};
				};
			};
			buildConfigurationList = 18F972E021B7F8AE00FFAB90 /* Build configuration list for PBXProject "ManMan" */;
			compatibilityVersion = "Xcode 9.3";
			developmentRegion = en;
			hasScannedForEncodings = 0;
			knownRegions = (
				en,
				Base,
			);
			mainGroup = 18F972DC21B7F8AE00FFAB90;
			productRefGroup = 18F972E621B7F8AE00FFAB90 /* Products */;
			projectDirPath = "";
			projectReferences = (
				{
					ProductGroup = 18632BBF21C62BDC00A0CA47 /* Products */;
					ProjectRef = 18632BBE21C62BDC00A0CA47 /* CVCalendar.xcodeproj */;
				},
				{
					ProductGroup = 18F9397021BC484400306EB0 /* Products */;
					ProjectRef = 18F9396F21BC484400306EB0 /* SnapKit.xcodeproj */;
				},
			);
			projectRoot = "";
			targets = (
				18F972E421B7F8AE00FFAB90 /* ManMan */,
				18F972F821B7F8B000FFAB90 /* ManManTests */,
				18F9730321B7F8B100FFAB90 /* ManManUITests */,
			);
		};
/* End PBXProject section */

/* Begin PBXReferenceProxy section */
		18632BC321C62BDC00A0CA47 /* CVCalendar.framework */ = {
			isa = PBXReferenceProxy;
			fileType = wrapper.framework;
			path = CVCalendar.framework;
			remoteRef = 18632BC221C62BDC00A0CA47 /* PBXContainerItemProxy */;
			sourceTree = BUILT_PRODUCTS_DIR;
		};
		18F9397521BC484400306EB0 /* SnapKit.framework */ = {
			isa = PBXReferenceProxy;
			fileType = wrapper.framework;
			path = SnapKit.framework;
			remoteRef = 18F9397421BC484400306EB0 /* PBXContainerItemProxy */;
			sourceTree = BUILT_PRODUCTS_DIR;
		};
		18F9397721BC484400306EB0 /* SnapKit Tests.xctest */ = {
			isa = PBXReferenceProxy;
			fileType = wrapper.cfbundle;
			path = "SnapKit Tests.xctest";
			remoteRef = 18F9397621BC484400306EB0 /* PBXContainerItemProxy */;
			sourceTree = BUILT_PRODUCTS_DIR;
		};
/* End PBXReferenceProxy section */

/* Begin PBXResourcesBuildPhase section */
		18F972E321B7F8AE00FFAB90 /* Resources */ = {
			isa = PBXResourcesBuildPhase;
			buildActionMask = 2147483647;
			files = (
				18F972F321B7F8B000FFAB90 /* LaunchScreen.storyboard in Resources */,
				18F972F021B7F8B000FFAB90 /* Assets.xcassets in Resources */,
				18F972EE21B7F8AF00FFAB90 /* Main.storyboard in Resources */,
			);
			runOnlyForDeploymentPostprocessing = 0;
		};
		18F972F721B7F8B000FFAB90 /* Resources */ = {
			isa = PBXResourcesBuildPhase;
			buildActionMask = 2147483647;
			files = (
			);
			runOnlyForDeploymentPostprocessing = 0;
		};
		18F9730221B7F8B100FFAB90 /* Resources */ = {
			isa = PBXResourcesBuildPhase;
			buildActionMask = 2147483647;
			files = (
			);
			runOnlyForDeploymentPostprocessing = 0;
		};
/* End PBXResourcesBuildPhase section */

/* Begin PBXSourcesBuildPhase section */
		18F972E121B7F8AE00FFAB90 /* Sources */ = {
			isa = PBXSourcesBuildPhase;
			buildActionMask = 2147483647;
			files = (
				18632B0D21C49E5500A0CA47 /* AddFlagViewController.swift in Sources */,
				18F9398821BCE3D200306EB0 /* ExampleViewController.swift in Sources */,
				18F9399021BD27AC00306EB0 /* AddLogViewController.swift in Sources */,
				18F9398E21BD279A00306EB0 /* AddCheckViewController.swift in Sources */,
				18632B0921C2A79A00A0CA47 /* FeedbackViewController.swift in Sources */,
				18632BF321CCFC6A00A0CA47 /* StartViewController.swift in Sources */,
				18632B0F21C4F31000A0CA47 /* SettingTableViewCell.swift in Sources */,
				18632BE521CABB1600A0CA47 /* LastLogTableViewCell.swift in Sources */,
				18F9396821BC378800306EB0 /* AddView.swift in Sources */,
				18632B0B21C2A7AD00A0CA47 /* SettingViewController.swift in Sources */,
				18F9395221B8381C00306EB0 /* HomeViewController.swift in Sources */,
				18632BE721CABB3C00A0CA47 /* DateLogTableViewCell.swift in Sources */,
				18F972EB21B7F8AF00FFAB90 /* ViewController.swift in Sources */,
				18F9395021B7FF3C00306EB0 /* CustomizeUITableViewCell.swift in Sources */,
				18F9731721B7FDC900FFAB90 /* FlagViewController.swift in Sources */,
				18632BED21CBADC900A0CA47 /* CommentLineView.swift in Sources */,
				18632BE121C89D0600A0CA47 /* LogTableViewCell.swift in Sources */,
				18F972E921B7F8AF00FFAB90 /* AppDelegate.swift in Sources */,
				18F9398621BCE36D00306EB0 /* LetterViewController.swift in Sources */,
				18F9398421BCD4D200306EB0 /* ListTableViewCell.swift in Sources */,
				18632AF621C24C8000A0CA47 /* AddUserDefinedCheckViewController.swift in Sources */,
				18F9396A21BC47C900306EB0 /* CheckCardCell.swift in Sources */,
				18F9399221BE55C500306EB0 /* CustomizeUICollectinViewCell.swift in Sources */,
				18F9395421B8383200306EB0 /* MineViewController.swift in Sources */,
				18632BE921CAC11800A0CA47 /* FirstDateLogCell.swift in Sources */,
				18632BEF21CCD61D00A0CA47 /* LoginViewController.swift in Sources */,
				18632BEB21CAC48500A0CA47 /* MonthLogCell.swift in Sources */,
				18632B0721C2996500A0CA47 /* FangCustomizeUICollectionViewCell.swift in Sources */,
				18632BF121CCF62200A0CA47 /* LoadView.swift in Sources */,
				18632AFA21C26D5000A0CA47 /* LogViewController.swift in Sources */,
			);
			runOnlyForDeploymentPostprocessing = 0;
		};
		18F972F521B7F8B000FFAB90 /* Sources */ = {
			isa = PBXSourcesBuildPhase;
			buildActionMask = 2147483647;
			files = (
				18F972FE21B7F8B100FFAB90 /* ManManTests.swift in Sources */,
			);
			runOnlyForDeploymentPostprocessing = 0;
		};
		18F9730021B7F8B100FFAB90 /* Sources */ = {
			isa = PBXSourcesBuildPhase;
			buildActionMask = 2147483647;
			files = (
				18F9730921B7F8B100FFAB90 /* ManManUITests.swift in Sources */,
			);
			runOnlyForDeploymentPostprocessing = 0;
		};
/* End PBXSourcesBuildPhase section */

/* Begin PBXTargetDependency section */
		18632BC721C62BED00A0CA47 /* PBXTargetDependency */ = {
			isa = PBXTargetDependency;
			name = CVCalendar;
			targetProxy = 18632BC621C62BED00A0CA47 /* PBXContainerItemProxy */;
		};
		18632BDB21C65CF100A0CA47 /* PBXTargetDependency */ = {
			isa = PBXTargetDependency;
			name = SnapKit;
			targetProxy = 18632BDA21C65CF100A0CA47 /* PBXContainerItemProxy */;
		};
		18F972FB21B7F8B000FFAB90 /* PBXTargetDependency */ = {
			isa = PBXTargetDependency;
			target = 18F972E421B7F8AE00FFAB90 /* ManMan */;
			targetProxy = 18F972FA21B7F8B000FFAB90 /* PBXContainerItemProxy */;
		};
		18F9730621B7F8B100FFAB90 /* PBXTargetDependency */ = {
			isa = PBXTargetDependency;
			target = 18F972E421B7F8AE00FFAB90 /* ManMan */;
			targetProxy = 18F9730521B7F8B100FFAB90 /* PBXContainerItemProxy */;
		};
/* End PBXTargetDependency section */

/* Begin PBXVariantGroup section */
		18F972EC21B7F8AF00FFAB90 /* Main.storyboard */ = {
			isa = PBXVariantGroup;
			children = (
				18F972ED21B7F8AF00FFAB90 /* Base */,
			);
			name = Main.storyboard;
			sourceTree = "<group>";
		};
		18F972F121B7F8B000FFAB90 /* LaunchScreen.storyboard */ = {
			isa = PBXVariantGroup;
			children = (
				18F972F221B7F8B000FFAB90 /* Base */,
			);
			name = LaunchScreen.storyboard;
			sourceTree = "<group>";
		};
/* End PBXVariantGroup section */

/* Begin XCBuildConfiguration section */
		18F9730B21B7F8B100FFAB90 /* Debug */ = {
			isa = XCBuildConfiguration;
			buildSettings = {
				ALWAYS_SEARCH_USER_PATHS = NO;
				CLANG_ANALYZER_NONNULL = YES;
				CLANG_ANALYZER_NUMBER_OBJECT_CONVERSION = YES_AGGRESSIVE;
				CLANG_CXX_LANGUAGE_STANDARD = "gnu++14";
				CLANG_CXX_LIBRARY = "libc++";
				CLANG_ENABLE_MODULES = YES;
				CLANG_ENABLE_OBJC_ARC = YES;
				CLANG_ENABLE_OBJC_WEAK = YES;
				CLANG_WARN_BLOCK_CAPTURE_AUTORELEASING = YES;
				CLANG_WARN_BOOL_CONVERSION = YES;
				CLANG_WARN_COMMA = YES;
				CLANG_WARN_CONSTANT_CONVERSION = YES;
				CLANG_WARN_DEPRECATED_OBJC_IMPLEMENTATIONS = YES;
				CLANG_WARN_DIRECT_OBJC_ISA_USAGE = YES_ERROR;
				CLANG_WARN_DOCUMENTATION_COMMENTS = YES;
				CLANG_WARN_EMPTY_BODY = YES;
				CLANG_WARN_ENUM_CONVERSION = YES;
				CLANG_WARN_INFINITE_RECURSION = YES;
				CLANG_WARN_INT_CONVERSION = YES;
				CLANG_WARN_NON_LITERAL_NULL_CONVERSION = YES;
				CLANG_WARN_OBJC_IMPLICIT_RETAIN_SELF = YES;
				CLANG_WARN_OBJC_LITERAL_CONVERSION = YES;
				CLANG_WARN_OBJC_ROOT_CLASS = YES_ERROR;
				CLANG_WARN_RANGE_LOOP_ANALYSIS = YES;
				CLANG_WARN_STRICT_PROTOTYPES = YES;
				CLANG_WARN_SUSPICIOUS_MOVE = YES;
				CLANG_WARN_UNGUARDED_AVAILABILITY = YES_AGGRESSIVE;
				CLANG_WARN_UNREACHABLE_CODE = YES;
				CLANG_WARN__DUPLICATE_METHOD_MATCH = YES;
				CODE_SIGN_IDENTITY = "iPhone Developer";
				COPY_PHASE_STRIP = NO;
				DEBUG_INFORMATION_FORMAT = dwarf;
				ENABLE_STRICT_OBJC_MSGSEND = YES;
				ENABLE_TESTABILITY = YES;
				GCC_C_LANGUAGE_STANDARD = gnu11;
				GCC_DYNAMIC_NO_PIC = NO;
				GCC_NO_COMMON_BLOCKS = YES;
				GCC_OPTIMIZATION_LEVEL = 0;
				GCC_PREPROCESSOR_DEFINITIONS = (
					"DEBUG=1",
					"$(inherited)",
				);
				GCC_WARN_64_TO_32_BIT_CONVERSION = YES;
				GCC_WARN_ABOUT_RETURN_TYPE = YES_ERROR;
				GCC_WARN_UNDECLARED_SELECTOR = YES;
				GCC_WARN_UNINITIALIZED_AUTOS = YES_AGGRESSIVE;
				GCC_WARN_UNUSED_FUNCTION = YES;
				GCC_WARN_UNUSED_VARIABLE = YES;
				IPHONEOS_DEPLOYMENT_TARGET = 12.1;
				MTL_ENABLE_DEBUG_INFO = INCLUDE_SOURCE;
				MTL_FAST_MATH = YES;
				ONLY_ACTIVE_ARCH = YES;
				SDKROOT = iphoneos;
				SWIFT_ACTIVE_COMPILATION_CONDITIONS = DEBUG;
				SWIFT_OPTIMIZATION_LEVEL = "-Onone";
			};
			name = Debug;
		};
		18F9730C21B7F8B100FFAB90 /* Release */ = {
			isa = XCBuildConfiguration;
			buildSettings = {
				ALWAYS_SEARCH_USER_PATHS = NO;
				CLANG_ANALYZER_NONNULL = YES;
				CLANG_ANALYZER_NUMBER_OBJECT_CONVERSION = YES_AGGRESSIVE;
				CLANG_CXX_LANGUAGE_STANDARD = "gnu++14";
				CLANG_CXX_LIBRARY = "libc++";
				CLANG_ENABLE_MODULES = YES;
				CLANG_ENABLE_OBJC_ARC = YES;
				CLANG_ENABLE_OBJC_WEAK = YES;
				CLANG_WARN_BLOCK_CAPTURE_AUTORELEASING = YES;
				CLANG_WARN_BOOL_CONVERSION = YES;
				CLANG_WARN_COMMA = YES;
				CLANG_WARN_CONSTANT_CONVERSION = YES;
				CLANG_WARN_DEPRECATED_OBJC_IMPLEMENTATIONS = YES;
				CLANG_WARN_DIRECT_OBJC_ISA_USAGE = YES_ERROR;
				CLANG_WARN_DOCUMENTATION_COMMENTS = YES;
				CLANG_WARN_EMPTY_BODY = YES;
				CLANG_WARN_ENUM_CONVERSION = YES;
				CLANG_WARN_INFINITE_RECURSION = YES;
				CLANG_WARN_INT_CONVERSION = YES;
				CLANG_WARN_NON_LITERAL_NULL_CONVERSION = YES;
				CLANG_WARN_OBJC_IMPLICIT_RETAIN_SELF = YES;
				CLANG_WARN_OBJC_LITERAL_CONVERSION = YES;
				CLANG_WARN_OBJC_ROOT_CLASS = YES_ERROR;
				CLANG_WARN_RANGE_LOOP_ANALYSIS = YES;
				CLANG_WARN_STRICT_PROTOTYPES = YES;
				CLANG_WARN_SUSPICIOUS_MOVE = YES;
				CLANG_WARN_UNGUARDED_AVAILABILITY = YES_AGGRESSIVE;
				CLANG_WARN_UNREACHABLE_CODE = YES;
				CLANG_WARN__DUPLICATE_METHOD_MATCH = YES;
				CODE_SIGN_IDENTITY = "iPhone Developer";
				COPY_PHASE_STRIP = NO;
				DEBUG_INFORMATION_FORMAT = "dwarf-with-dsym";
				ENABLE_NS_ASSERTIONS = NO;
				ENABLE_STRICT_OBJC_MSGSEND = YES;
				GCC_C_LANGUAGE_STANDARD = gnu11;
				GCC_NO_COMMON_BLOCKS = YES;
				GCC_WARN_64_TO_32_BIT_CONVERSION = YES;
				GCC_WARN_ABOUT_RETURN_TYPE = YES_ERROR;
				GCC_WARN_UNDECLARED_SELECTOR = YES;
				GCC_WARN_UNINITIALIZED_AUTOS = YES_AGGRESSIVE;
				GCC_WARN_UNUSED_FUNCTION = YES;
				GCC_WARN_UNUSED_VARIABLE = YES;
				IPHONEOS_DEPLOYMENT_TARGET = 12.1;
				MTL_ENABLE_DEBUG_INFO = NO;
				MTL_FAST_MATH = YES;
				SDKROOT = iphoneos;
				SWIFT_COMPILATION_MODE = wholemodule;
				SWIFT_OPTIMIZATION_LEVEL = "-O";
				VALIDATE_PRODUCT = YES;
			};
			name = Release;
		};
		18F9730E21B7F8B100FFAB90 /* Debug */ = {
			isa = XCBuildConfiguration;
			buildSettings = {
				ALWAYS_EMBED_SWIFT_STANDARD_LIBRARIES = YES;
				ASSETCATALOG_COMPILER_APPICON_NAME = AppIcon;
				CODE_SIGN_STYLE = Automatic;
				DEVELOPMENT_TEAM = JKU2234WX3;
				INFOPLIST_FILE = ManMan/Info.plist;
				LD_RUNPATH_SEARCH_PATHS = (
					"$(inherited)",
					"@executable_path/Frameworks",
				);
				PRODUCT_BUNDLE_IDENTIFIER = mwt.ManMan;
				PRODUCT_NAME = "$(TARGET_NAME)";
				SWIFT_VERSION = 4.2;
				TARGETED_DEVICE_FAMILY = "1,2";
			};
			name = Debug;
		};
		18F9730F21B7F8B100FFAB90 /* Release */ = {
			isa = XCBuildConfiguration;
			buildSettings = {
				ALWAYS_EMBED_SWIFT_STANDARD_LIBRARIES = YES;
				ASSETCATALOG_COMPILER_APPICON_NAME = AppIcon;
				CODE_SIGN_STYLE = Automatic;
				DEVELOPMENT_TEAM = JKU2234WX3;
				INFOPLIST_FILE = ManMan/Info.plist;
				LD_RUNPATH_SEARCH_PATHS = (
					"$(inherited)",
					"@executable_path/Frameworks",
				);
				PRODUCT_BUNDLE_IDENTIFIER = mwt.ManMan;
				PRODUCT_NAME = "$(TARGET_NAME)";
				SWIFT_VERSION = 4.2;
				TARGETED_DEVICE_FAMILY = "1,2";
			};
			name = Release;
		};
		18F9731121B7F8B100FFAB90 /* Debug */ = {
			isa = XCBuildConfiguration;
			buildSettings = {
				ALWAYS_EMBED_SWIFT_STANDARD_LIBRARIES = YES;
				BUNDLE_LOADER = "$(TEST_HOST)";
				CODE_SIGN_STYLE = Automatic;
				INFOPLIST_FILE = ManManTests/Info.plist;
				LD_RUNPATH_SEARCH_PATHS = (
					"$(inherited)",
					"@executable_path/Frameworks",
					"@loader_path/Frameworks",
				);
				PRODUCT_BUNDLE_IDENTIFIER = mwt.ManManTests;
				PRODUCT_NAME = "$(TARGET_NAME)";
				SWIFT_VERSION = 4.2;
				TARGETED_DEVICE_FAMILY = "1,2";
				TEST_HOST = "$(BUILT_PRODUCTS_DIR)/ManMan.app/ManMan";
			};
			name = Debug;
		};
		18F9731221B7F8B100FFAB90 /* Release */ = {
			isa = XCBuildConfiguration;
			buildSettings = {
				ALWAYS_EMBED_SWIFT_STANDARD_LIBRARIES = YES;
				BUNDLE_LOADER = "$(TEST_HOST)";
				CODE_SIGN_STYLE = Automatic;
				INFOPLIST_FILE = ManManTests/Info.plist;
				LD_RUNPATH_SEARCH_PATHS = (
					"$(inherited)",
					"@executable_path/Frameworks",
					"@loader_path/Frameworks",
				);
				PRODUCT_BUNDLE_IDENTIFIER = mwt.ManManTests;
				PRODUCT_NAME = "$(TARGET_NAME)";
				SWIFT_VERSION = 4.2;
				TARGETED_DEVICE_FAMILY = "1,2";
				TEST_HOST = "$(BUILT_PRODUCTS_DIR)/ManMan.app/ManMan";
			};
			name = Release;
		};
		18F9731421B7F8B100FFAB90 /* Debug */ = {
			isa = XCBuildConfiguration;
			buildSettings = {
				ALWAYS_EMBED_SWIFT_STANDARD_LIBRARIES = YES;
				CODE_SIGN_STYLE = Automatic;
				INFOPLIST_FILE = ManManUITests/Info.plist;
				LD_RUNPATH_SEARCH_PATHS = (
					"$(inherited)",
					"@executable_path/Frameworks",
					"@loader_path/Frameworks",
				);
				PRODUCT_BUNDLE_IDENTIFIER = mwt.ManManUITests;
				PRODUCT_NAME = "$(TARGET_NAME)";
				SWIFT_VERSION = 4.2;
				TARGETED_DEVICE_FAMILY = "1,2";
				TEST_TARGET_NAME = ManMan;
			};
			name = Debug;
		};
		18F9731521B7F8B100FFAB90 /* Release */ = {
			isa = XCBuildConfiguration;
			buildSettings = {
				ALWAYS_EMBED_SWIFT_STANDARD_LIBRARIES = YES;
				CODE_SIGN_STYLE = Automatic;
				INFOPLIST_FILE = ManManUITests/Info.plist;
				LD_RUNPATH_SEARCH_PATHS = (
					"$(inherited)",
					"@executable_path/Frameworks",
					"@loader_path/Frameworks",
				);
				PRODUCT_BUNDLE_IDENTIFIER = mwt.ManManUITests;
				PRODUCT_NAME = "$(TARGET_NAME)";
				SWIFT_VERSION = 4.2;
				TARGETED_DEVICE_FAMILY = "1,2";
				TEST_TARGET_NAME = ManMan;
			};
			name = Release;
		};
/* End XCBuildConfiguration section */

/* Begin XCConfigurationList section */
		18F972E021B7F8AE00FFAB90 /* Build configuration list for PBXProject "ManMan" */ = {
			isa = XCConfigurationList;
			buildConfigurations = (
				18F9730B21B7F8B100FFAB90 /* Debug */,
				18F9730C21B7F8B100FFAB90 /* Release */,
			);
			defaultConfigurationIsVisible = 0;
			defaultConfigurationName = Release;
		};
		18F9730D21B7F8B100FFAB90 /* Build configuration list for PBXNativeTarget "ManMan" */ = {
			isa = XCConfigurationList;
			buildConfigurations = (
				18F9730E21B7F8B100FFAB90 /* Debug */,
				18F9730F21B7F8B100FFAB90 /* Release */,
			);
			defaultConfigurationIsVisible = 0;
			defaultConfigurationName = Release;
		};
		18F9731021B7F8B100FFAB90 /* Build configuration list for PBXNativeTarget "ManManTests" */ = {
			isa = XCConfigurationList;
			buildConfigurations = (
				18F9731121B7F8B100FFAB90 /* Debug */,
				18F9731221B7F8B100FFAB90 /* Release */,
			);
			defaultConfigurationIsVisible = 0;
			defaultConfigurationName = Release;
		};
		18F9731321B7F8B100FFAB90 /* Build configuration list for PBXNativeTarget "ManManUITests" */ = {
			isa = XCConfigurationList;
			buildConfigurations = (
				18F9731421B7F8B100FFAB90 /* Debug */,
				18F9731521B7F8B100FFAB90 /* Release */,
			);
			defaultConfigurationIsVisible = 0;
			defaultConfigurationName = Release;
		};
/* End XCConfigurationList section */
	};
	rootObject = 18F972DD21B7F8AE00FFAB90 /* Project object */;
}
